
Microsoft Visual Studio Solution File, Format Version 12.00
# Visual Studio 15
VisualStudioVersion = 15.0.28307.1433
MinimumVisualStudioVersion = 10.0.40219.1
Project("{FAE04EC0-301F-11D3-BF4B-00C04F79EFBC}") = "OOP-Proj-Figures", "OOP-Proj-Figures\OOP-Proj-Figures.csproj", "{52189EF2-0119-43D7-9FC3-280EA45208D2}"
EndProject
Project("{FAE04EC0-301F-11D3-BF4B-00C04F79EFBC}") = "ClassLibraryFigures", "ClassLibraryFigures\ClassLibraryFigures.csproj", "{20B1A70C-BFD2-41BB-B01D-1FB575BC0261}"
EndProject
Global
	GlobalSection(SolutionConfigurationPlatforms) = preSolution
		Debug|Any CPU = Debug|Any CPU
		Release|Any CPU = Release|Any CPU
	EndGlobalSection
	GlobalSection(ProjectConfigurationPlatforms) = postSolution
		{52189EF2-0119-43D7-9FC3-280EA45208D2}.Debug|Any CPU.ActiveCfg = Debug|Any CPU
		{52189EF2-0119-43D7-9FC3-280EA45208D2}.Debug|Any CPU.Build.0 = Debug|Any CPU
		{52189EF2-0119-43D7-9FC3-280EA45208D2}.Release|Any CPU.ActiveCfg = Release|Any CPU
		{52189EF2-0119-43D7-9FC3-280EA45208D2}.Release|Any CPU.Build.0 = Release|Any CPU
		{20B1A70C-BFD2-41BB-B01D-1FB575BC0261}.Debug|Any CPU.ActiveCfg = Debug|Any CPU
		{20B1A70C-BFD2-41BB-B01D-1FB575BC0261}.Debug|Any CPU.Build.0 = Debug|Any CPU
		{20B1A70C-BFD2-41BB-B01D-1FB575BC0261}.Release|Any CPU.ActiveCfg = Release|Any CPU
		{20B1A70C-BFD2-41BB-B01D-1FB575BC0261}.Release|Any CPU.Build.0 = Release|Any CPU
	EndGlobalSection
	GlobalSection(SolutionProperties) = preSolution
		HideSolutionNode = FALSE
	EndGlobalSection
	GlobalSection(ExtensibilityGlobals) = postSolution
		SolutionGuid = {FFE09899-2F77-4315-8291-8CF2D334F992}
	EndGlobalSection
EndGlobal
